// !$*UTF8*$!
{
	archiveVersion = 1;
	classes = {
	};
	objectVersion = 51;
	objects = {

/* Begin PBXBuildFile section */
		932EC2CE41B35A36102BA7C6 /* Pods_GBShop2_GBShop2UITests.framework in Frameworks */ = {isa = PBXBuildFile; fileRef = A23A0CF180174C34667406BF /* Pods_GBShop2_GBShop2UITests.framework */; };
		AA5EA52213E2B8BF1AA6FBBC /* Pods_GBShop2Tests.framework in Frameworks */ = {isa = PBXBuildFile; fileRef = 3E5D457BC7550A12CD57A3DE /* Pods_GBShop2Tests.framework */; };
		E1C3C02C263AC45A000BA731 /* CategoryTableVC.swift in Sources */ = {isa = PBXBuildFile; fileRef = E1C3C02B263AC45A000BA731 /* CategoryTableVC.swift */; };
		E1C3C031263AE858000BA731 /* BasketItemCell.swift in Sources */ = {isa = PBXBuildFile; fileRef = E1C3C030263AE858000BA731 /* BasketItemCell.swift */; };
		E1C3C03726417CCD000BA731 /* ProductsTableVC.swift in Sources */ = {isa = PBXBuildFile; fileRef = E1C3C03626417CCD000BA731 /* ProductsTableVC.swift */; };
		E1C3C03F264286C2000BA731 /* ProductVC.swift in Sources */ = {isa = PBXBuildFile; fileRef = E1C3C03E264286C2000BA731 /* ProductVC.swift */; };
		E1C3C04426428813000BA731 /* ProductView.swift in Sources */ = {isa = PBXBuildFile; fileRef = E1C3C04326428813000BA731 /* ProductView.swift */; };
		E1C3C0492642CF75000BA731 /* AppConfig.swift in Sources */ = {isa = PBXBuildFile; fileRef = E1C3C0482642CF75000BA731 /* AppConfig.swift */; };
		E1C3C0532643BF9B000BA731 /* LoginVC.swift in Sources */ = {isa = PBXBuildFile; fileRef = E1C3C0522643BF9B000BA731 /* LoginVC.swift */; };
		E1C3C0582643BFBC000BA731 /* LoginView.swift in Sources */ = {isa = PBXBuildFile; fileRef = E1C3C0572643BFBC000BA731 /* LoginView.swift */; };
		E1C3C06426451547000BA731 /* RegisterAccountVC.swift in Sources */ = {isa = PBXBuildFile; fileRef = E1C3C06326451547000BA731 /* RegisterAccountVC.swift */; };
		E1C3C06926451568000BA731 /* RegisterView.swift in Sources */ = {isa = PBXBuildFile; fileRef = E1C3C06826451568000BA731 /* RegisterView.swift */; };
		E1C3C06F264519ED000BA731 /* GBTextField.swift in Sources */ = {isa = PBXBuildFile; fileRef = E1C3C06E264519ED000BA731 /* GBTextField.swift */; };
		E1C3C07426452291000BA731 /* GBButton.swift in Sources */ = {isa = PBXBuildFile; fileRef = E1C3C07326452291000BA731 /* GBButton.swift */; };
		E1C3C07F264ACD9E000BA731 /* RegisterResponse.swift in Sources */ = {isa = PBXBuildFile; fileRef = E1C3C07E264ACD9E000BA731 /* RegisterResponse.swift */; };
		E1C3C086264BB3CB000BA731 /* GBAlertVC.swift in Sources */ = {isa = PBXBuildFile; fileRef = E1C3C085264BB3CB000BA731 /* GBAlertVC.swift */; };
		E1C3C08E264BB43F000BA731 /* GBTitleLabel.swift in Sources */ = {isa = PBXBuildFile; fileRef = E1C3C08D264BB43F000BA731 /* GBTitleLabel.swift */; };
		E1C3C093264BB540000BA731 /* GBBodyLabel.swift in Sources */ = {isa = PBXBuildFile; fileRef = E1C3C092264BB540000BA731 /* GBBodyLabel.swift */; };
		E1C3C09B264BB5C7000BA731 /* GBSecondaryTitleLabel.swift in Sources */ = {isa = PBXBuildFile; fileRef = E1C3C09A264BB5C7000BA731 /* GBSecondaryTitleLabel.swift */; };
		E1C3C0A3264BBA2D000BA731 /* GBAlertView.swift in Sources */ = {isa = PBXBuildFile; fileRef = E1C3C0A2264BBA2D000BA731 /* GBAlertView.swift */; };
		E1C3C0A9264BC666000BA731 /* UIViewController+Ext.swift in Sources */ = {isa = PBXBuildFile; fileRef = E1C3C0A8264BC666000BA731 /* UIViewController+Ext.swift */; };
		E1D50C472636C92400E9F688 /* AppDelegate.swift in Sources */ = {isa = PBXBuildFile; fileRef = E1D50C462636C92400E9F688 /* AppDelegate.swift */; };
		E1D50C502636C92500E9F688 /* Assets.xcassets in Resources */ = {isa = PBXBuildFile; fileRef = E1D50C4F2636C92500E9F688 /* Assets.xcassets */; };
		E1D50C532636C92500E9F688 /* LaunchScreen.storyboard in Resources */ = {isa = PBXBuildFile; fileRef = E1D50C512636C92500E9F688 /* LaunchScreen.storyboard */; };
		E1D50C5E2636C92500E9F688 /* GBShop2Tests.swift in Sources */ = {isa = PBXBuildFile; fileRef = E1D50C5D2636C92500E9F688 /* GBShop2Tests.swift */; };
		E1D50C692636C92500E9F688 /* GBShop2UITests.swift in Sources */ = {isa = PBXBuildFile; fileRef = E1D50C682636C92500E9F688 /* GBShop2UITests.swift */; };
		E1D50C852636CC4D00E9F688 /* Stubs.swift in Sources */ = {isa = PBXBuildFile; fileRef = E1D50C842636CC4D00E9F688 /* Stubs.swift */; };
		E1D50CBA2636CD1400E9F688 /* ProductRequestProduct.swift in Sources */ = {isa = PBXBuildFile; fileRef = E1D50CB82636CD1400E9F688 /* ProductRequestProduct.swift */; };
		E1D50CBB2636CD1400E9F688 /* AccountRequestModels.swift in Sources */ = {isa = PBXBuildFile; fileRef = E1D50CB92636CD1400E9F688 /* AccountRequestModels.swift */; };
		E1D50CC32636CD3F00E9F688 /* AccountRequest.swift in Sources */ = {isa = PBXBuildFile; fileRef = E1D50CC12636CD3F00E9F688 /* AccountRequest.swift */; };
		E1D50CC42636CD3F00E9F688 /* AccountRequestFactory.swift in Sources */ = {isa = PBXBuildFile; fileRef = E1D50CC22636CD3F00E9F688 /* AccountRequestFactory.swift */; };
		E1D50CC92636CD5D00E9F688 /* RequestFactory.swift in Sources */ = {isa = PBXBuildFile; fileRef = E1D50CC82636CD5D00E9F688 /* RequestFactory.swift */; };
		E1D50CD02636CD7900E9F688 /* ProductRequest.swift in Sources */ = {isa = PBXBuildFile; fileRef = E1D50CCE2636CD7800E9F688 /* ProductRequest.swift */; };
		E1D50CD12636CD7900E9F688 /* ProductRequestFactory.swift in Sources */ = {isa = PBXBuildFile; fileRef = E1D50CCF2636CD7900E9F688 /* ProductRequestFactory.swift */; };
		E1D50CDB2636CDD300E9F688 /* User.swift in Sources */ = {isa = PBXBuildFile; fileRef = E1D50CD72636CDD300E9F688 /* User.swift */; };
		E1D50CDC2636CDD300E9F688 /* EditProfileResponse.swift in Sources */ = {isa = PBXBuildFile; fileRef = E1D50CD82636CDD300E9F688 /* EditProfileResponse.swift */; };
		E1D50CDD2636CDD300E9F688 /* LogoutResponse.swift in Sources */ = {isa = PBXBuildFile; fileRef = E1D50CD92636CDD300E9F688 /* LogoutResponse.swift */; };
		E1D50CDE2636CDD300E9F688 /* LoginResponse.swift in Sources */ = {isa = PBXBuildFile; fileRef = E1D50CDA2636CDD300E9F688 /* LoginResponse.swift */; };
		E1D50CE62636CE0A00E9F688 /* Product.swift in Sources */ = {isa = PBXBuildFile; fileRef = E1D50CE42636CE0A00E9F688 /* Product.swift */; };
		E1D50CF32636CEAD00E9F688 /* RequestRouter.swift in Sources */ = {isa = PBXBuildFile; fileRef = E1D50CEE2636CEAC00E9F688 /* RequestRouter.swift */; };
		E1D50CF42636CEAD00E9F688 /* DataRequest.swift in Sources */ = {isa = PBXBuildFile; fileRef = E1D50CEF2636CEAD00E9F688 /* DataRequest.swift */; };
		E1D50CF52636CEAD00E9F688 /* AbstractRequestFactory.swift in Sources */ = {isa = PBXBuildFile; fileRef = E1D50CF02636CEAD00E9F688 /* AbstractRequestFactory.swift */; };
		E1D50CF62636CEAD00E9F688 /* ErrorParser.swift in Sources */ = {isa = PBXBuildFile; fileRef = E1D50CF12636CEAD00E9F688 /* ErrorParser.swift */; };
		E1D50CF72636CEAD00E9F688 /* AbstractErrorParser.swift in Sources */ = {isa = PBXBuildFile; fileRef = E1D50CF22636CEAD00E9F688 /* AbstractErrorParser.swift */; };
		E1D50D182636DDCF00E9F688 /* FeedbackRequestFactory.swift in Sources */ = {isa = PBXBuildFile; fileRef = E1D50D172636DDCF00E9F688 /* FeedbackRequestFactory.swift */; };
		E1D50D1D2636DF4000E9F688 /* AddFeedbackResponse.swift in Sources */ = {isa = PBXBuildFile; fileRef = E1D50D1C2636DF4000E9F688 /* AddFeedbackResponse.swift */; };
		E1D50D222636DFC400E9F688 /* FeedbackRequest.swift in Sources */ = {isa = PBXBuildFile; fileRef = E1D50D212636DFC400E9F688 /* FeedbackRequest.swift */; };
		E1D50D272636E42F00E9F688 /* FeedbackRequestModels.swift in Sources */ = {isa = PBXBuildFile; fileRef = E1D50D262636E42F00E9F688 /* FeedbackRequestModels.swift */; };
		E1D50D2F2636EFE800E9F688 /* DeleteFeedbackResponse.swift in Sources */ = {isa = PBXBuildFile; fileRef = E1D50D2E2636EFE800E9F688 /* DeleteFeedbackResponse.swift */; };
		E1D50D392636F97100E9F688 /* Feedback.swift in Sources */ = {isa = PBXBuildFile; fileRef = E1D50D382636F97100E9F688 /* Feedback.swift */; };
		E1D50D532638239000E9F688 /* SceneDelegate.swift in Sources */ = {isa = PBXBuildFile; fileRef = E1D50D522638239000E9F688 /* SceneDelegate.swift */; };
		E1D50D5926382BE100E9F688 /* TabBarVC.swift in Sources */ = {isa = PBXBuildFile; fileRef = E1D50D5826382BE100E9F688 /* TabBarVC.swift */; };
		E1D50D632638316600E9F688 /* BasketTableVC.swift in Sources */ = {isa = PBXBuildFile; fileRef = E1D50D622638316600E9F688 /* BasketTableVC.swift */; };
		E1D50D6D2639AA9900E9F688 /* BasketRequestFactory.swift in Sources */ = {isa = PBXBuildFile; fileRef = E1D50D6C2639AA9900E9F688 /* BasketRequestFactory.swift */; };
		E1D50D7B2639AD4100E9F688 /* BasketItem.swift in Sources */ = {isa = PBXBuildFile; fileRef = E1D50D7A2639AD4100E9F688 /* BasketItem.swift */; };
		E1D50D832639AF5B00E9F688 /* AddToBasketResponse.swift in Sources */ = {isa = PBXBuildFile; fileRef = E1D50D822639AF5B00E9F688 /* AddToBasketResponse.swift */; };
		E1D50D882639CB8300E9F688 /* BasketRequest.swift in Sources */ = {isa = PBXBuildFile; fileRef = E1D50D872639CB8300E9F688 /* BasketRequest.swift */; };
		E1D50D8D2639CC6400E9F688 /* BasketRequestModels.swift in Sources */ = {isa = PBXBuildFile; fileRef = E1D50D8C2639CC6400E9F688 /* BasketRequestModels.swift */; };
		FA8DA93B44090A6100ACFFF3 /* Pods_GBShop2.framework in Frameworks */ = {isa = PBXBuildFile; fileRef = 0C1DFA8C37C39C8217349B4B /* Pods_GBShop2.framework */; };
/* End PBXBuildFile section */

/* Begin PBXContainerItemProxy section */
		E1D50C5A2636C92500E9F688 /* PBXContainerItemProxy */ = {
			isa = PBXContainerItemProxy;
			containerPortal = E1D50C3B2636C92400E9F688 /* Project object */;
			proxyType = 1;
			remoteGlobalIDString = E1D50C422636C92400E9F688;
			remoteInfo = GBShop2;
		};
		E1D50C652636C92500E9F688 /* PBXContainerItemProxy */ = {
			isa = PBXContainerItemProxy;
			containerPortal = E1D50C3B2636C92400E9F688 /* Project object */;
			proxyType = 1;
			remoteGlobalIDString = E1D50C422636C92400E9F688;
			remoteInfo = GBShop2;
		};
/* End PBXContainerItemProxy section */

/* Begin PBXFileReference section */
		0C1DFA8C37C39C8217349B4B /* Pods_GBShop2.framework */ = {isa = PBXFileReference; explicitFileType = wrapper.framework; includeInIndex = 0; path = Pods_GBShop2.framework; sourceTree = BUILT_PRODUCTS_DIR; };
		1786FCB435135A0986920F83 /* Pods-GBShop2Tests.release.xcconfig */ = {isa = PBXFileReference; includeInIndex = 1; lastKnownFileType = text.xcconfig; name = "Pods-GBShop2Tests.release.xcconfig"; path = "Target Support Files/Pods-GBShop2Tests/Pods-GBShop2Tests.release.xcconfig"; sourceTree = "<group>"; };
		3E5D457BC7550A12CD57A3DE /* Pods_GBShop2Tests.framework */ = {isa = PBXFileReference; explicitFileType = wrapper.framework; includeInIndex = 0; path = Pods_GBShop2Tests.framework; sourceTree = BUILT_PRODUCTS_DIR; };
		54687A24CAFC41CCEF02365C /* Pods-GBShop2-GBShop2UITests.debug.xcconfig */ = {isa = PBXFileReference; includeInIndex = 1; lastKnownFileType = text.xcconfig; name = "Pods-GBShop2-GBShop2UITests.debug.xcconfig"; path = "Target Support Files/Pods-GBShop2-GBShop2UITests/Pods-GBShop2-GBShop2UITests.debug.xcconfig"; sourceTree = "<group>"; };
		734989E77FE7EF2544674774 /* Pods-GBShop2.debug.xcconfig */ = {isa = PBXFileReference; includeInIndex = 1; lastKnownFileType = text.xcconfig; name = "Pods-GBShop2.debug.xcconfig"; path = "Target Support Files/Pods-GBShop2/Pods-GBShop2.debug.xcconfig"; sourceTree = "<group>"; };
		949526AD0E8AAE3654C67E4A /* Pods-GBShop2Tests.debug.xcconfig */ = {isa = PBXFileReference; includeInIndex = 1; lastKnownFileType = text.xcconfig; name = "Pods-GBShop2Tests.debug.xcconfig"; path = "Target Support Files/Pods-GBShop2Tests/Pods-GBShop2Tests.debug.xcconfig"; sourceTree = "<group>"; };
		A23A0CF180174C34667406BF /* Pods_GBShop2_GBShop2UITests.framework */ = {isa = PBXFileReference; explicitFileType = wrapper.framework; includeInIndex = 0; path = Pods_GBShop2_GBShop2UITests.framework; sourceTree = BUILT_PRODUCTS_DIR; };
		C60349943C946746A0C317DA /* Pods-GBShop2.release.xcconfig */ = {isa = PBXFileReference; includeInIndex = 1; lastKnownFileType = text.xcconfig; name = "Pods-GBShop2.release.xcconfig"; path = "Target Support Files/Pods-GBShop2/Pods-GBShop2.release.xcconfig"; sourceTree = "<group>"; };
		DE22DE60259D33ED5ED74F9E /* Pods-GBShop2-GBShop2UITests.release.xcconfig */ = {isa = PBXFileReference; includeInIndex = 1; lastKnownFileType = text.xcconfig; name = "Pods-GBShop2-GBShop2UITests.release.xcconfig"; path = "Target Support Files/Pods-GBShop2-GBShop2UITests/Pods-GBShop2-GBShop2UITests.release.xcconfig"; sourceTree = "<group>"; };
		E1C3C02B263AC45A000BA731 /* CategoryTableVC.swift */ = {isa = PBXFileReference; lastKnownFileType = sourcecode.swift; path = CategoryTableVC.swift; sourceTree = "<group>"; };
		E1C3C030263AE858000BA731 /* BasketItemCell.swift */ = {isa = PBXFileReference; lastKnownFileType = sourcecode.swift; path = BasketItemCell.swift; sourceTree = "<group>"; };
		E1C3C03626417CCD000BA731 /* ProductsTableVC.swift */ = {isa = PBXFileReference; lastKnownFileType = sourcecode.swift; path = ProductsTableVC.swift; sourceTree = "<group>"; };
		E1C3C03E264286C2000BA731 /* ProductVC.swift */ = {isa = PBXFileReference; lastKnownFileType = sourcecode.swift; path = ProductVC.swift; sourceTree = "<group>"; };
		E1C3C04326428813000BA731 /* ProductView.swift */ = {isa = PBXFileReference; lastKnownFileType = sourcecode.swift; path = ProductView.swift; sourceTree = "<group>"; };
		E1C3C0482642CF75000BA731 /* AppConfig.swift */ = {isa = PBXFileReference; lastKnownFileType = sourcecode.swift; path = AppConfig.swift; sourceTree = "<group>"; };
		E1C3C0522643BF9B000BA731 /* LoginVC.swift */ = {isa = PBXFileReference; lastKnownFileType = sourcecode.swift; path = LoginVC.swift; sourceTree = "<group>"; };
		E1C3C0572643BFBC000BA731 /* LoginView.swift */ = {isa = PBXFileReference; lastKnownFileType = sourcecode.swift; path = LoginView.swift; sourceTree = "<group>"; };
		E1C3C06326451547000BA731 /* RegisterAccountVC.swift */ = {isa = PBXFileReference; lastKnownFileType = sourcecode.swift; path = RegisterAccountVC.swift; sourceTree = "<group>"; };
		E1C3C06826451568000BA731 /* RegisterView.swift */ = {isa = PBXFileReference; lastKnownFileType = sourcecode.swift; path = RegisterView.swift; sourceTree = "<group>"; };
		E1C3C06E264519ED000BA731 /* GBTextField.swift */ = {isa = PBXFileReference; lastKnownFileType = sourcecode.swift; path = GBTextField.swift; sourceTree = "<group>"; };
		E1C3C07326452291000BA731 /* GBButton.swift */ = {isa = PBXFileReference; lastKnownFileType = sourcecode.swift; path = GBButton.swift; sourceTree = "<group>"; };
		E1C3C07E264ACD9E000BA731 /* RegisterResponse.swift */ = {isa = PBXFileReference; lastKnownFileType = sourcecode.swift; path = RegisterResponse.swift; sourceTree = "<group>"; };
		E1C3C085264BB3CB000BA731 /* GBAlertVC.swift */ = {isa = PBXFileReference; lastKnownFileType = sourcecode.swift; path = GBAlertVC.swift; sourceTree = "<group>"; };
		E1C3C08D264BB43F000BA731 /* GBTitleLabel.swift */ = {isa = PBXFileReference; lastKnownFileType = sourcecode.swift; path = GBTitleLabel.swift; sourceTree = "<group>"; };
		E1C3C092264BB540000BA731 /* GBBodyLabel.swift */ = {isa = PBXFileReference; lastKnownFileType = sourcecode.swift; path = GBBodyLabel.swift; sourceTree = "<group>"; };
		E1C3C09A264BB5C7000BA731 /* GBSecondaryTitleLabel.swift */ = {isa = PBXFileReference; lastKnownFileType = sourcecode.swift; path = GBSecondaryTitleLabel.swift; sourceTree = "<group>"; };
		E1C3C0A2264BBA2D000BA731 /* GBAlertView.swift */ = {isa = PBXFileReference; lastKnownFileType = sourcecode.swift; path = GBAlertView.swift; sourceTree = "<group>"; };
		E1C3C0A8264BC666000BA731 /* UIViewController+Ext.swift */ = {isa = PBXFileReference; lastKnownFileType = sourcecode.swift; path = "UIViewController+Ext.swift"; sourceTree = "<group>"; };
		E1D50C432636C92400E9F688 /* GBShop2.app */ = {isa = PBXFileReference; explicitFileType = wrapper.application; includeInIndex = 0; path = GBShop2.app; sourceTree = BUILT_PRODUCTS_DIR; };
		E1D50C462636C92400E9F688 /* AppDelegate.swift */ = {isa = PBXFileReference; lastKnownFileType = sourcecode.swift; path = AppDelegate.swift; sourceTree = "<group>"; };
		E1D50C4F2636C92500E9F688 /* Assets.xcassets */ = {isa = PBXFileReference; lastKnownFileType = folder.assetcatalog; path = Assets.xcassets; sourceTree = "<group>"; };
		E1D50C522636C92500E9F688 /* Base */ = {isa = PBXFileReference; lastKnownFileType = file.storyboard; name = Base; path = Base.lproj/LaunchScreen.storyboard; sourceTree = "<group>"; };
		E1D50C542636C92500E9F688 /* Info.plist */ = {isa = PBXFileReference; lastKnownFileType = text.plist.xml; path = Info.plist; sourceTree = "<group>"; };
		E1D50C592636C92500E9F688 /* GBShop2Tests.xctest */ = {isa = PBXFileReference; explicitFileType = wrapper.cfbundle; includeInIndex = 0; path = GBShop2Tests.xctest; sourceTree = BUILT_PRODUCTS_DIR; };
		E1D50C5D2636C92500E9F688 /* GBShop2Tests.swift */ = {isa = PBXFileReference; lastKnownFileType = sourcecode.swift; path = GBShop2Tests.swift; sourceTree = "<group>"; };
		E1D50C5F2636C92500E9F688 /* Info.plist */ = {isa = PBXFileReference; lastKnownFileType = text.plist.xml; path = Info.plist; sourceTree = "<group>"; };
		E1D50C642636C92500E9F688 /* GBShop2UITests.xctest */ = {isa = PBXFileReference; explicitFileType = wrapper.cfbundle; includeInIndex = 0; path = GBShop2UITests.xctest; sourceTree = BUILT_PRODUCTS_DIR; };
		E1D50C682636C92500E9F688 /* GBShop2UITests.swift */ = {isa = PBXFileReference; lastKnownFileType = sourcecode.swift; path = GBShop2UITests.swift; sourceTree = "<group>"; };
		E1D50C6A2636C92500E9F688 /* Info.plist */ = {isa = PBXFileReference; lastKnownFileType = text.plist.xml; path = Info.plist; sourceTree = "<group>"; };
		E1D50C842636CC4D00E9F688 /* Stubs.swift */ = {isa = PBXFileReference; fileEncoding = 4; lastKnownFileType = sourcecode.swift; path = Stubs.swift; sourceTree = "<group>"; };
		E1D50CB82636CD1400E9F688 /* ProductRequestProduct.swift */ = {isa = PBXFileReference; fileEncoding = 4; lastKnownFileType = sourcecode.swift; path = ProductRequestProduct.swift; sourceTree = "<group>"; };
		E1D50CB92636CD1400E9F688 /* AccountRequestModels.swift */ = {isa = PBXFileReference; fileEncoding = 4; lastKnownFileType = sourcecode.swift; path = AccountRequestModels.swift; sourceTree = "<group>"; };
		E1D50CC12636CD3F00E9F688 /* AccountRequest.swift */ = {isa = PBXFileReference; fileEncoding = 4; lastKnownFileType = sourcecode.swift; path = AccountRequest.swift; sourceTree = "<group>"; };
		E1D50CC22636CD3F00E9F688 /* AccountRequestFactory.swift */ = {isa = PBXFileReference; fileEncoding = 4; lastKnownFileType = sourcecode.swift; path = AccountRequestFactory.swift; sourceTree = "<group>"; };
		E1D50CC82636CD5D00E9F688 /* RequestFactory.swift */ = {isa = PBXFileReference; fileEncoding = 4; lastKnownFileType = sourcecode.swift; path = RequestFactory.swift; sourceTree = "<group>"; };
		E1D50CCE2636CD7800E9F688 /* ProductRequest.swift */ = {isa = PBXFileReference; fileEncoding = 4; lastKnownFileType = sourcecode.swift; path = ProductRequest.swift; sourceTree = "<group>"; };
		E1D50CCF2636CD7900E9F688 /* ProductRequestFactory.swift */ = {isa = PBXFileReference; fileEncoding = 4; lastKnownFileType = sourcecode.swift; path = ProductRequestFactory.swift; sourceTree = "<group>"; };
		E1D50CD72636CDD300E9F688 /* User.swift */ = {isa = PBXFileReference; fileEncoding = 4; lastKnownFileType = sourcecode.swift; path = User.swift; sourceTree = "<group>"; };
		E1D50CD82636CDD300E9F688 /* EditProfileResponse.swift */ = {isa = PBXFileReference; fileEncoding = 4; lastKnownFileType = sourcecode.swift; path = EditProfileResponse.swift; sourceTree = "<group>"; };
		E1D50CD92636CDD300E9F688 /* LogoutResponse.swift */ = {isa = PBXFileReference; fileEncoding = 4; lastKnownFileType = sourcecode.swift; path = LogoutResponse.swift; sourceTree = "<group>"; };
		E1D50CDA2636CDD300E9F688 /* LoginResponse.swift */ = {isa = PBXFileReference; fileEncoding = 4; lastKnownFileType = sourcecode.swift; path = LoginResponse.swift; sourceTree = "<group>"; };
		E1D50CE42636CE0A00E9F688 /* Product.swift */ = {isa = PBXFileReference; fileEncoding = 4; lastKnownFileType = sourcecode.swift; path = Product.swift; sourceTree = "<group>"; };
		E1D50CEE2636CEAC00E9F688 /* RequestRouter.swift */ = {isa = PBXFileReference; fileEncoding = 4; lastKnownFileType = sourcecode.swift; path = RequestRouter.swift; sourceTree = "<group>"; };
		E1D50CEF2636CEAD00E9F688 /* DataRequest.swift */ = {isa = PBXFileReference; fileEncoding = 4; lastKnownFileType = sourcecode.swift; path = DataRequest.swift; sourceTree = "<group>"; };
		E1D50CF02636CEAD00E9F688 /* AbstractRequestFactory.swift */ = {isa = PBXFileReference; fileEncoding = 4; lastKnownFileType = sourcecode.swift; path = AbstractRequestFactory.swift; sourceTree = "<group>"; };
		E1D50CF12636CEAD00E9F688 /* ErrorParser.swift */ = {isa = PBXFileReference; fileEncoding = 4; lastKnownFileType = sourcecode.swift; path = ErrorParser.swift; sourceTree = "<group>"; };
		E1D50CF22636CEAD00E9F688 /* AbstractErrorParser.swift */ = {isa = PBXFileReference; fileEncoding = 4; lastKnownFileType = sourcecode.swift; path = AbstractErrorParser.swift; sourceTree = "<group>"; };
		E1D50D172636DDCF00E9F688 /* FeedbackRequestFactory.swift */ = {isa = PBXFileReference; lastKnownFileType = sourcecode.swift; path = FeedbackRequestFactory.swift; sourceTree = "<group>"; };
		E1D50D1C2636DF4000E9F688 /* AddFeedbackResponse.swift */ = {isa = PBXFileReference; lastKnownFileType = sourcecode.swift; path = AddFeedbackResponse.swift; sourceTree = "<group>"; };
		E1D50D212636DFC400E9F688 /* FeedbackRequest.swift */ = {isa = PBXFileReference; lastKnownFileType = sourcecode.swift; path = FeedbackRequest.swift; sourceTree = "<group>"; };
		E1D50D262636E42F00E9F688 /* FeedbackRequestModels.swift */ = {isa = PBXFileReference; lastKnownFileType = sourcecode.swift; path = FeedbackRequestModels.swift; sourceTree = "<group>"; };
		E1D50D2E2636EFE800E9F688 /* DeleteFeedbackResponse.swift */ = {isa = PBXFileReference; lastKnownFileType = sourcecode.swift; path = DeleteFeedbackResponse.swift; sourceTree = "<group>"; };
		E1D50D382636F97100E9F688 /* Feedback.swift */ = {isa = PBXFileReference; lastKnownFileType = sourcecode.swift; path = Feedback.swift; sourceTree = "<group>"; };
		E1D50D522638239000E9F688 /* SceneDelegate.swift */ = {isa = PBXFileReference; fileEncoding = 4; lastKnownFileType = sourcecode.swift; path = SceneDelegate.swift; sourceTree = "<group>"; };
		E1D50D5826382BE100E9F688 /* TabBarVC.swift */ = {isa = PBXFileReference; lastKnownFileType = sourcecode.swift; path = TabBarVC.swift; sourceTree = "<group>"; };
		E1D50D622638316600E9F688 /* BasketTableVC.swift */ = {isa = PBXFileReference; lastKnownFileType = sourcecode.swift; path = BasketTableVC.swift; sourceTree = "<group>"; };
		E1D50D6C2639AA9900E9F688 /* BasketRequestFactory.swift */ = {isa = PBXFileReference; lastKnownFileType = sourcecode.swift; path = BasketRequestFactory.swift; sourceTree = "<group>"; };
		E1D50D7A2639AD4100E9F688 /* BasketItem.swift */ = {isa = PBXFileReference; lastKnownFileType = sourcecode.swift; path = BasketItem.swift; sourceTree = "<group>"; };
		E1D50D822639AF5B00E9F688 /* AddToBasketResponse.swift */ = {isa = PBXFileReference; lastKnownFileType = sourcecode.swift; path = AddToBasketResponse.swift; sourceTree = "<group>"; };
		E1D50D872639CB8300E9F688 /* BasketRequest.swift */ = {isa = PBXFileReference; lastKnownFileType = sourcecode.swift; path = BasketRequest.swift; sourceTree = "<group>"; };
		E1D50D8C2639CC6400E9F688 /* BasketRequestModels.swift */ = {isa = PBXFileReference; lastKnownFileType = sourcecode.swift; path = BasketRequestModels.swift; sourceTree = "<group>"; };
/* End PBXFileReference section */

/* Begin PBXFrameworksBuildPhase section */
		E1D50C402636C92400E9F688 /* Frameworks */ = {
			isa = PBXFrameworksBuildPhase;
			buildActionMask = 2147483647;
			files = (
				FA8DA93B44090A6100ACFFF3 /* Pods_GBShop2.framework in Frameworks */,
			);
			runOnlyForDeploymentPostprocessing = 0;
		};
		E1D50C562636C92500E9F688 /* Frameworks */ = {
			isa = PBXFrameworksBuildPhase;
			buildActionMask = 2147483647;
			files = (
				AA5EA52213E2B8BF1AA6FBBC /* Pods_GBShop2Tests.framework in Frameworks */,
			);
			runOnlyForDeploymentPostprocessing = 0;
		};
		E1D50C612636C92500E9F688 /* Frameworks */ = {
			isa = PBXFrameworksBuildPhase;
			buildActionMask = 2147483647;
			files = (
				932EC2CE41B35A36102BA7C6 /* Pods_GBShop2_GBShop2UITests.framework in Frameworks */,
			);
			runOnlyForDeploymentPostprocessing = 0;
		};
/* End PBXFrameworksBuildPhase section */

/* Begin PBXGroup section */
		08827783C1A4B3789C9F7897 /* Pods */ = {
			isa = PBXGroup;
			children = (
				734989E77FE7EF2544674774 /* Pods-GBShop2.debug.xcconfig */,
				C60349943C946746A0C317DA /* Pods-GBShop2.release.xcconfig */,
				54687A24CAFC41CCEF02365C /* Pods-GBShop2-GBShop2UITests.debug.xcconfig */,
				DE22DE60259D33ED5ED74F9E /* Pods-GBShop2-GBShop2UITests.release.xcconfig */,
				949526AD0E8AAE3654C67E4A /* Pods-GBShop2Tests.debug.xcconfig */,
				1786FCB435135A0986920F83 /* Pods-GBShop2Tests.release.xcconfig */,
			);
			path = Pods;
			sourceTree = "<group>";
		};
		A06AC8CE4DBC36D6B804066A /* Frameworks */ = {
			isa = PBXGroup;
			children = (
				0C1DFA8C37C39C8217349B4B /* Pods_GBShop2.framework */,
				A23A0CF180174C34667406BF /* Pods_GBShop2_GBShop2UITests.framework */,
				3E5D457BC7550A12CD57A3DE /* Pods_GBShop2Tests.framework */,
			);
			name = Frameworks;
			sourceTree = "<group>";
		};
		E1C3C03526417BA6000BA731 /* Products */ = {
			isa = PBXGroup;
			children = (
				E1C3C03626417CCD000BA731 /* ProductsTableVC.swift */,
				E1C3C03E264286C2000BA731 /* ProductVC.swift */,
				E1C3C04326428813000BA731 /* ProductView.swift */,
			);
			path = Products;
			sourceTree = "<group>";
		};
		E1C3C0502643BB57000BA731 /* Account */ = {
			isa = PBXGroup;
			children = (
				E1C3C06326451547000BA731 /* RegisterAccountVC.swift */,
				E1C3C06826451568000BA731 /* RegisterView.swift */,
			);
			path = Account;
			sourceTree = "<group>";
		};
		E1C3C0512643BF6C000BA731 /* Login */ = {
			isa = PBXGroup;
			children = (
				E1C3C0522643BF9B000BA731 /* LoginVC.swift */,
				E1C3C0572643BFBC000BA731 /* LoginView.swift */,
			);
			path = Login;
			sourceTree = "<group>";
		};
		E1C3C06D264519A3000BA731 /* Custom Views */ = {
			isa = PBXGroup;
			children = (
				E1C3C08D264BB43F000BA731 /* GBTitleLabel.swift */,
				E1C3C09A264BB5C7000BA731 /* GBSecondaryTitleLabel.swift */,
				E1C3C092264BB540000BA731 /* GBBodyLabel.swift */,
				E1C3C06E264519ED000BA731 /* GBTextField.swift */,
				E1C3C07326452291000BA731 /* GBButton.swift */,
			);
			path = "Custom Views";
			sourceTree = "<group>";
		};
		E1C3C084264BB388000BA731 /* Alert */ = {
			isa = PBXGroup;
			children = (
				E1C3C085264BB3CB000BA731 /* GBAlertVC.swift */,
				E1C3C0A2264BBA2D000BA731 /* GBAlertView.swift */,
			);
			path = Alert;
			sourceTree = "<group>";
		};
		E1C3C0A7264BC646000BA731 /* Extensions */ = {
			isa = PBXGroup;
			children = (
				E1C3C0A8264BC666000BA731 /* UIViewController+Ext.swift */,
			);
			path = Extensions;
			sourceTree = "<group>";
		};
		E1D50C3A2636C92400E9F688 = {
			isa = PBXGroup;
			children = (
				E1D50C452636C92400E9F688 /* GBShop2 */,
				E1D50C5C2636C92500E9F688 /* GBShop2Tests */,
				E1D50C672636C92500E9F688 /* GBShop2UITests */,
				E1D50C442636C92400E9F688 /* Products */,
				08827783C1A4B3789C9F7897 /* Pods */,
				A06AC8CE4DBC36D6B804066A /* Frameworks */,
			);
			sourceTree = "<group>";
		};
		E1D50C442636C92400E9F688 /* Products */ = {
			isa = PBXGroup;
			children = (
				E1D50C432636C92400E9F688 /* GBShop2.app */,
				E1D50C592636C92500E9F688 /* GBShop2Tests.xctest */,
				E1D50C642636C92500E9F688 /* GBShop2UITests.xctest */,
			);
			name = Products;
			sourceTree = "<group>";
		};
		E1D50C452636C92400E9F688 /* GBShop2 */ = {
			isa = PBXGroup;
			children = (
				E1C3C0A7264BC646000BA731 /* Extensions */,
				E1C3C084264BB388000BA731 /* Alert */,
				E1C3C06D264519A3000BA731 /* Custom Views */,
				E1C3C0512643BF6C000BA731 /* Login */,
				E1C3C0502643BB57000BA731 /* Account */,
				E1C3C03526417BA6000BA731 /* Products */,
				E1D50D6126382C9C00E9F688 /* Category */,
				E1D50D6026382C5700E9F688 /* Basket */,
				E1D50D57263828E300E9F688 /* Navigation */,
				E1D50C8A2636CC8D00E9F688 /* App */,
				E1D50CEC2636CE9500E9F688 /* Core */,
				E1D50C832636CC4D00E9F688 /* Mock */,
				E1D50C7F2636CC2700E9F688 /* Environments */,
				E1D50C892636CC7100E9F688 /* Resources */,
			);
			path = GBShop2;
			sourceTree = "<group>";
		};
		E1D50C5C2636C92500E9F688 /* GBShop2Tests */ = {
			isa = PBXGroup;
			children = (
				E1D50C5D2636C92500E9F688 /* GBShop2Tests.swift */,
				E1D50C5F2636C92500E9F688 /* Info.plist */,
			);
			path = GBShop2Tests;
			sourceTree = "<group>";
		};
		E1D50C672636C92500E9F688 /* GBShop2UITests */ = {
			isa = PBXGroup;
			children = (
				E1D50C682636C92500E9F688 /* GBShop2UITests.swift */,
				E1D50C6A2636C92500E9F688 /* Info.plist */,
			);
			path = GBShop2UITests;
			sourceTree = "<group>";
		};
		E1D50C7F2636CC2700E9F688 /* Environments */ = {
			isa = PBXGroup;
			children = (
				E1D50C542636C92500E9F688 /* Info.plist */,
			);
			path = Environments;
			sourceTree = "<group>";
		};
		E1D50C832636CC4D00E9F688 /* Mock */ = {
			isa = PBXGroup;
			children = (
				E1D50C842636CC4D00E9F688 /* Stubs.swift */,
			);
			path = Mock;
			sourceTree = "<group>";
		};
		E1D50C892636CC7100E9F688 /* Resources */ = {
			isa = PBXGroup;
			children = (
				E1D50C4F2636C92500E9F688 /* Assets.xcassets */,
				E1D50C512636C92500E9F688 /* LaunchScreen.storyboard */,
			);
			path = Resources;
			sourceTree = "<group>";
		};
		E1D50C8A2636CC8D00E9F688 /* App */ = {
			isa = PBXGroup;
			children = (
				E1D50C462636C92400E9F688 /* AppDelegate.swift */,
				E1D50D522638239000E9F688 /* SceneDelegate.swift */,
				E1C3C0482642CF75000BA731 /* AppConfig.swift */,
				E1D50CB62636CCED00E9F688 /* BusinessLogic */,
				E1D50CD52636CD9C00E9F688 /* Entity */,
				E1D50CEB2636CE6900E9F688 /* Flows */,
				E1D50CEA2636CE5000E9F688 /* Assembly */,
			);
			path = App;
			sourceTree = "<group>";
		};
		E1D50CB62636CCED00E9F688 /* BusinessLogic */ = {
			isa = PBXGroup;
			children = (
				E1D50CBF2636CD2300E9F688 /* Network */,
				E1D50CB72636CD0200E9F688 /* Models */,
			);
			path = BusinessLogic;
			sourceTree = "<group>";
		};
		E1D50CB72636CD0200E9F688 /* Models */ = {
			isa = PBXGroup;
			children = (
				E1D50CB92636CD1400E9F688 /* AccountRequestModels.swift */,
				E1D50D8C2639CC6400E9F688 /* BasketRequestModels.swift */,
				E1D50CB82636CD1400E9F688 /* ProductRequestProduct.swift */,
				E1D50D262636E42F00E9F688 /* FeedbackRequestModels.swift */,
			);
			path = Models;
			sourceTree = "<group>";
		};
		E1D50CBF2636CD2300E9F688 /* Network */ = {
			isa = PBXGroup;
			children = (
				E1D50D6B2639AA1F00E9F688 /* Basket */,
				E1D50D0C2636DC2E00E9F688 /* Feedback */,
				E1D50CC02636CD2E00E9F688 /* Account */,
				E1D50CCD2636CD6300E9F688 /* Product */,
				E1D50CC82636CD5D00E9F688 /* RequestFactory.swift */,
			);
			path = Network;
			sourceTree = "<group>";
		};
		E1D50CC02636CD2E00E9F688 /* Account */ = {
			isa = PBXGroup;
			children = (
				E1D50CC12636CD3F00E9F688 /* AccountRequest.swift */,
				E1D50CC22636CD3F00E9F688 /* AccountRequestFactory.swift */,
			);
			path = Account;
			sourceTree = "<group>";
		};
		E1D50CCD2636CD6300E9F688 /* Product */ = {
			isa = PBXGroup;
			children = (
				E1D50CCF2636CD7900E9F688 /* ProductRequestFactory.swift */,
				E1D50CCE2636CD7800E9F688 /* ProductRequest.swift */,
			);
			path = Product;
			sourceTree = "<group>";
		};
		E1D50CD52636CD9C00E9F688 /* Entity */ = {
			isa = PBXGroup;
			children = (
				E1D50D712639ABD900E9F688 /* Basket */,
				E1D50D0D2636DCE300E9F688 /* Feedback */,
				E1D50CE22636CDE900E9F688 /* Product */,
				E1D50CD62636CDBF00E9F688 /* Account */,
			);
			path = Entity;
			sourceTree = "<group>";
		};
		E1D50CD62636CDBF00E9F688 /* Account */ = {
			isa = PBXGroup;
			children = (
				E1D50CD82636CDD300E9F688 /* EditProfileResponse.swift */,
				E1C3C07E264ACD9E000BA731 /* RegisterResponse.swift */,
				E1D50CDA2636CDD300E9F688 /* LoginResponse.swift */,
				E1D50CD92636CDD300E9F688 /* LogoutResponse.swift */,
				E1D50CD72636CDD300E9F688 /* User.swift */,
			);
			path = Account;
			sourceTree = "<group>";
		};
		E1D50CE22636CDE900E9F688 /* Product */ = {
			isa = PBXGroup;
			children = (
				E1D50CE42636CE0A00E9F688 /* Product.swift */,
			);
			path = Product;
			sourceTree = "<group>";
		};
		E1D50CEA2636CE5000E9F688 /* Assembly */ = {
			isa = PBXGroup;
			children = (
			);
			path = Assembly;
			sourceTree = "<group>";
		};
		E1D50CEB2636CE6900E9F688 /* Flows */ = {
			isa = PBXGroup;
			children = (
			);
			path = Flows;
			sourceTree = "<group>";
		};
		E1D50CEC2636CE9500E9F688 /* Core */ = {
			isa = PBXGroup;
			children = (
				E1D50CED2636CEA000E9F688 /* Network */,
			);
			path = Core;
			sourceTree = "<group>";
		};
		E1D50CED2636CEA000E9F688 /* Network */ = {
			isa = PBXGroup;
			children = (
				E1D50CF22636CEAD00E9F688 /* AbstractErrorParser.swift */,
				E1D50CF02636CEAD00E9F688 /* AbstractRequestFactory.swift */,
				E1D50CEF2636CEAD00E9F688 /* DataRequest.swift */,
				E1D50CF12636CEAD00E9F688 /* ErrorParser.swift */,
				E1D50CEE2636CEAC00E9F688 /* RequestRouter.swift */,
			);
			path = Network;
			sourceTree = "<group>";
		};
		E1D50D0C2636DC2E00E9F688 /* Feedback */ = {
			isa = PBXGroup;
			children = (
				E1D50D172636DDCF00E9F688 /* FeedbackRequestFactory.swift */,
				E1D50D212636DFC400E9F688 /* FeedbackRequest.swift */,
			);
			path = Feedback;
			sourceTree = "<group>";
		};
		E1D50D0D2636DCE300E9F688 /* Feedback */ = {
			isa = PBXGroup;
			children = (
				E1D50D1C2636DF4000E9F688 /* AddFeedbackResponse.swift */,
				E1D50D2E2636EFE800E9F688 /* DeleteFeedbackResponse.swift */,
				E1D50D382636F97100E9F688 /* Feedback.swift */,
			);
			path = Feedback;
			sourceTree = "<group>";
		};
		E1D50D57263828E300E9F688 /* Navigation */ = {
			isa = PBXGroup;
			children = (
				E1D50D5826382BE100E9F688 /* TabBarVC.swift */,
			);
			path = Navigation;
			sourceTree = "<group>";
		};
		E1D50D6026382C5700E9F688 /* Basket */ = {
			isa = PBXGroup;
			children = (
				E1D50D622638316600E9F688 /* BasketTableVC.swift */,
				E1C3C030263AE858000BA731 /* BasketItemCell.swift */,
			);
			path = Basket;
			sourceTree = "<group>";
		};
		E1D50D6126382C9C00E9F688 /* Category */ = {
			isa = PBXGroup;
			children = (
				E1C3C02B263AC45A000BA731 /* CategoryTableVC.swift */,
			);
			path = Category;
			sourceTree = "<group>";
		};
		E1D50D6B2639AA1F00E9F688 /* Basket */ = {
			isa = PBXGroup;
			children = (
				E1D50D6C2639AA9900E9F688 /* BasketRequestFactory.swift */,
				E1D50D872639CB8300E9F688 /* BasketRequest.swift */,
			);
			path = Basket;
			sourceTree = "<group>";
		};
		E1D50D712639ABD900E9F688 /* Basket */ = {
			isa = PBXGroup;
			children = (
				E1D50D7A2639AD4100E9F688 /* BasketItem.swift */,
				E1D50D822639AF5B00E9F688 /* AddToBasketResponse.swift */,
			);
			path = Basket;
			sourceTree = "<group>";
		};
/* End PBXGroup section */

/* Begin PBXNativeTarget section */
		E1D50C422636C92400E9F688 /* GBShop2 */ = {
			isa = PBXNativeTarget;
			buildConfigurationList = E1D50C6D2636C92500E9F688 /* Build configuration list for PBXNativeTarget "GBShop2" */;
			buildPhases = (
				1A8949E5668120370CA7627C /* [CP] Check Pods Manifest.lock */,
				E1D50C3F2636C92400E9F688 /* Sources */,
				E1D50C402636C92400E9F688 /* Frameworks */,
				E1D50C412636C92400E9F688 /* Resources */,
				312126BC0F5C62F36C5FBBEA /* [CP] Embed Pods Frameworks */,
			);
			buildRules = (
			);
			dependencies = (
			);
			name = GBShop2;
			productName = GBShop2;
			productReference = E1D50C432636C92400E9F688 /* GBShop2.app */;
			productType = "com.apple.product-type.application";
		};
		E1D50C582636C92500E9F688 /* GBShop2Tests */ = {
			isa = PBXNativeTarget;
			buildConfigurationList = E1D50C702636C92500E9F688 /* Build configuration list for PBXNativeTarget "GBShop2Tests" */;
			buildPhases = (
				536878E2CADE128B82F03C08 /* [CP] Check Pods Manifest.lock */,
				E1D50C552636C92500E9F688 /* Sources */,
				E1D50C562636C92500E9F688 /* Frameworks */,
				E1D50C572636C92500E9F688 /* Resources */,
			);
			buildRules = (
			);
			dependencies = (
				E1D50C5B2636C92500E9F688 /* PBXTargetDependency */,
			);
			name = GBShop2Tests;
			productName = GBShop2Tests;
			productReference = E1D50C592636C92500E9F688 /* GBShop2Tests.xctest */;
			productType = "com.apple.product-type.bundle.unit-test";
		};
		E1D50C632636C92500E9F688 /* GBShop2UITests */ = {
			isa = PBXNativeTarget;
			buildConfigurationList = E1D50C732636C92500E9F688 /* Build configuration list for PBXNativeTarget "GBShop2UITests" */;
			buildPhases = (
				88941481BE35881935272497 /* [CP] Check Pods Manifest.lock */,
				E1D50C602636C92500E9F688 /* Sources */,
				E1D50C612636C92500E9F688 /* Frameworks */,
				E1D50C622636C92500E9F688 /* Resources */,
				A22AB5DD461E14505BF94D90 /* [CP] Embed Pods Frameworks */,
			);
			buildRules = (
			);
			dependencies = (
				E1D50C662636C92500E9F688 /* PBXTargetDependency */,
			);
			name = GBShop2UITests;
			productName = GBShop2UITests;
			productReference = E1D50C642636C92500E9F688 /* GBShop2UITests.xctest */;
			productType = "com.apple.product-type.bundle.ui-testing";
		};
/* End PBXNativeTarget section */

/* Begin PBXProject section */
		E1D50C3B2636C92400E9F688 /* Project object */ = {
			isa = PBXProject;
			attributes = {
				LastSwiftUpdateCheck = 1240;
				LastUpgradeCheck = 1240;
				TargetAttributes = {
					E1D50C422636C92400E9F688 = {
						CreatedOnToolsVersion = 12.4;
					};
					E1D50C582636C92500E9F688 = {
						CreatedOnToolsVersion = 12.4;
						TestTargetID = E1D50C422636C92400E9F688;
					};
					E1D50C632636C92500E9F688 = {
						CreatedOnToolsVersion = 12.4;
						TestTargetID = E1D50C422636C92400E9F688;
					};
				};
			};
			buildConfigurationList = E1D50C3E2636C92400E9F688 /* Build configuration list for PBXProject "GBShop2" */;
			compatibilityVersion = "Xcode 9.3";
			developmentRegion = en;
			hasScannedForEncodings = 0;
			knownRegions = (
				en,
				Base,
			);
			mainGroup = E1D50C3A2636C92400E9F688;
			productRefGroup = E1D50C442636C92400E9F688 /* Products */;
			projectDirPath = "";
			projectRoot = "";
			targets = (
				E1D50C422636C92400E9F688 /* GBShop2 */,
				E1D50C582636C92500E9F688 /* GBShop2Tests */,
				E1D50C632636C92500E9F688 /* GBShop2UITests */,
			);
		};
/* End PBXProject section */

/* Begin PBXResourcesBuildPhase section */
		E1D50C412636C92400E9F688 /* Resources */ = {
			isa = PBXResourcesBuildPhase;
			buildActionMask = 2147483647;
			files = (
				E1D50C532636C92500E9F688 /* LaunchScreen.storyboard in Resources */,
				E1D50C502636C92500E9F688 /* Assets.xcassets in Resources */,
			);
			runOnlyForDeploymentPostprocessing = 0;
		};
		E1D50C572636C92500E9F688 /* Resources */ = {
			isa = PBXResourcesBuildPhase;
			buildActionMask = 2147483647;
			files = (
			);
			runOnlyForDeploymentPostprocessing = 0;
		};
		E1D50C622636C92500E9F688 /* Resources */ = {
			isa = PBXResourcesBuildPhase;
			buildActionMask = 2147483647;
			files = (
			);
			runOnlyForDeploymentPostprocessing = 0;
		};
/* End PBXResourcesBuildPhase section */

/* Begin PBXShellScriptBuildPhase section */
		1A8949E5668120370CA7627C /* [CP] Check Pods Manifest.lock */ = {
			isa = PBXShellScriptBuildPhase;
			buildActionMask = 2147483647;
			files = (
			);
			inputFileListPaths = (
			);
			inputPaths = (
				"${PODS_PODFILE_DIR_PATH}/Podfile.lock",
				"${PODS_ROOT}/Manifest.lock",
			);
			name = "[CP] Check Pods Manifest.lock";
			outputFileListPaths = (
			);
			outputPaths = (
				"$(DERIVED_FILE_DIR)/Pods-GBShop2-checkManifestLockResult.txt",
			);
			runOnlyForDeploymentPostprocessing = 0;
			shellPath = /bin/sh;
			shellScript = "diff \"${PODS_PODFILE_DIR_PATH}/Podfile.lock\" \"${PODS_ROOT}/Manifest.lock\" > /dev/null\nif [ $? != 0 ] ; then\n    # print error to STDERR\n    echo \"error: The sandbox is not in sync with the Podfile.lock. Run 'pod install' or update your CocoaPods installation.\" >&2\n    exit 1\nfi\n# This output is used by Xcode 'outputs' to avoid re-running this script phase.\necho \"SUCCESS\" > \"${SCRIPT_OUTPUT_FILE_0}\"\n";
			showEnvVarsInLog = 0;
		};
		312126BC0F5C62F36C5FBBEA /* [CP] Embed Pods Frameworks */ = {
			isa = PBXShellScriptBuildPhase;
			buildActionMask = 2147483647;
			files = (
			);
			inputFileListPaths = (
				"${PODS_ROOT}/Target Support Files/Pods-GBShop2/Pods-GBShop2-frameworks-${CONFIGURATION}-input-files.xcfilelist",
			);
			name = "[CP] Embed Pods Frameworks";
			outputFileListPaths = (
				"${PODS_ROOT}/Target Support Files/Pods-GBShop2/Pods-GBShop2-frameworks-${CONFIGURATION}-output-files.xcfilelist",
			);
			runOnlyForDeploymentPostprocessing = 0;
			shellPath = /bin/sh;
			shellScript = "\"${PODS_ROOT}/Target Support Files/Pods-GBShop2/Pods-GBShop2-frameworks.sh\"\n";
			showEnvVarsInLog = 0;
		};
		536878E2CADE128B82F03C08 /* [CP] Check Pods Manifest.lock */ = {
			isa = PBXShellScriptBuildPhase;
			buildActionMask = 2147483647;
			files = (
			);
			inputFileListPaths = (
			);
			inputPaths = (
				"${PODS_PODFILE_DIR_PATH}/Podfile.lock",
				"${PODS_ROOT}/Manifest.lock",
			);
			name = "[CP] Check Pods Manifest.lock";
			outputFileListPaths = (
			);
			outputPaths = (
				"$(DERIVED_FILE_DIR)/Pods-GBShop2Tests-checkManifestLockResult.txt",
			);
			runOnlyForDeploymentPostprocessing = 0;
			shellPath = /bin/sh;
			shellScript = "diff \"${PODS_PODFILE_DIR_PATH}/Podfile.lock\" \"${PODS_ROOT}/Manifest.lock\" > /dev/null\nif [ $? != 0 ] ; then\n    # print error to STDERR\n    echo \"error: The sandbox is not in sync with the Podfile.lock. Run 'pod install' or update your CocoaPods installation.\" >&2\n    exit 1\nfi\n# This output is used by Xcode 'outputs' to avoid re-running this script phase.\necho \"SUCCESS\" > \"${SCRIPT_OUTPUT_FILE_0}\"\n";
			showEnvVarsInLog = 0;
		};
		88941481BE35881935272497 /* [CP] Check Pods Manifest.lock */ = {
			isa = PBXShellScriptBuildPhase;
			buildActionMask = 2147483647;
			files = (
			);
			inputFileListPaths = (
			);
			inputPaths = (
				"${PODS_PODFILE_DIR_PATH}/Podfile.lock",
				"${PODS_ROOT}/Manifest.lock",
			);
			name = "[CP] Check Pods Manifest.lock";
			outputFileListPaths = (
			);
			outputPaths = (
				"$(DERIVED_FILE_DIR)/Pods-GBShop2-GBShop2UITests-checkManifestLockResult.txt",
			);
			runOnlyForDeploymentPostprocessing = 0;
			shellPath = /bin/sh;
			shellScript = "diff \"${PODS_PODFILE_DIR_PATH}/Podfile.lock\" \"${PODS_ROOT}/Manifest.lock\" > /dev/null\nif [ $? != 0 ] ; then\n    # print error to STDERR\n    echo \"error: The sandbox is not in sync with the Podfile.lock. Run 'pod install' or update your CocoaPods installation.\" >&2\n    exit 1\nfi\n# This output is used by Xcode 'outputs' to avoid re-running this script phase.\necho \"SUCCESS\" > \"${SCRIPT_OUTPUT_FILE_0}\"\n";
			showEnvVarsInLog = 0;
		};
		A22AB5DD461E14505BF94D90 /* [CP] Embed Pods Frameworks */ = {
			isa = PBXShellScriptBuildPhase;
			buildActionMask = 2147483647;
			files = (
			);
			inputFileListPaths = (
				"${PODS_ROOT}/Target Support Files/Pods-GBShop2-GBShop2UITests/Pods-GBShop2-GBShop2UITests-frameworks-${CONFIGURATION}-input-files.xcfilelist",
			);
			name = "[CP] Embed Pods Frameworks";
			outputFileListPaths = (
				"${PODS_ROOT}/Target Support Files/Pods-GBShop2-GBShop2UITests/Pods-GBShop2-GBShop2UITests-frameworks-${CONFIGURATION}-output-files.xcfilelist",
			);
			runOnlyForDeploymentPostprocessing = 0;
			shellPath = /bin/sh;
			shellScript = "\"${PODS_ROOT}/Target Support Files/Pods-GBShop2-GBShop2UITests/Pods-GBShop2-GBShop2UITests-frameworks.sh\"\n";
			showEnvVarsInLog = 0;
		};
/* End PBXShellScriptBuildPhase section */

/* Begin PBXSourcesBuildPhase section */
		E1D50C3F2636C92400E9F688 /* Sources */ = {
			isa = PBXSourcesBuildPhase;
			buildActionMask = 2147483647;
			files = (
				E1C3C07F264ACD9E000BA731 /* RegisterResponse.swift in Sources */,
				E1C3C04426428813000BA731 /* ProductView.swift in Sources */,
				E1C3C08E264BB43F000BA731 /* GBTitleLabel.swift in Sources */,
				E1C3C031263AE858000BA731 /* BasketItemCell.swift in Sources */,
				E1D50CD12636CD7900E9F688 /* ProductRequestFactory.swift in Sources */,
				E1C3C0492642CF75000BA731 /* AppConfig.swift in Sources */,
				E1D50CF62636CEAD00E9F688 /* ErrorParser.swift in Sources */,
				E1D50C472636C92400E9F688 /* AppDelegate.swift in Sources */,
				E1D50D632638316600E9F688 /* BasketTableVC.swift in Sources */,
				E1D50CE62636CE0A00E9F688 /* Product.swift in Sources */,
				E1D50CD02636CD7900E9F688 /* ProductRequest.swift in Sources */,
				E1D50CDC2636CDD300E9F688 /* EditProfileResponse.swift in Sources */,
				E1C3C02C263AC45A000BA731 /* CategoryTableVC.swift in Sources */,
				E1D50CC32636CD3F00E9F688 /* AccountRequest.swift in Sources */,
				E1D50D1D2636DF4000E9F688 /* AddFeedbackResponse.swift in Sources */,
				E1C3C06426451547000BA731 /* RegisterAccountVC.swift in Sources */,
				E1D50D272636E42F00E9F688 /* FeedbackRequestModels.swift in Sources */,
				E1D50CF72636CEAD00E9F688 /* AbstractErrorParser.swift in Sources */,
				E1C3C07426452291000BA731 /* GBButton.swift in Sources */,
				E1C3C06926451568000BA731 /* RegisterView.swift in Sources */,
				E1C3C03726417CCD000BA731 /* ProductsTableVC.swift in Sources */,
				E1C3C086264BB3CB000BA731 /* GBAlertVC.swift in Sources */,
				E1C3C06F264519ED000BA731 /* GBTextField.swift in Sources */,
				E1D50D392636F97100E9F688 /* Feedback.swift in Sources */,
				E1D50CF42636CEAD00E9F688 /* DataRequest.swift in Sources */,
				E1D50D7B2639AD4100E9F688 /* BasketItem.swift in Sources */,
				E1D50CC42636CD3F00E9F688 /* AccountRequestFactory.swift in Sources */,
				E1D50D532638239000E9F688 /* SceneDelegate.swift in Sources */,
				E1C3C0532643BF9B000BA731 /* LoginVC.swift in Sources */,
				E1D50CF32636CEAD00E9F688 /* RequestRouter.swift in Sources */,
				E1D50CF52636CEAD00E9F688 /* AbstractRequestFactory.swift in Sources */,
				E1D50CDE2636CDD300E9F688 /* LoginResponse.swift in Sources */,
				E1D50CDD2636CDD300E9F688 /* LogoutResponse.swift in Sources */,
				E1D50CC92636CD5D00E9F688 /* RequestFactory.swift in Sources */,
				E1D50D5926382BE100E9F688 /* TabBarVC.swift in Sources */,
				E1C3C03F264286C2000BA731 /* ProductVC.swift in Sources */,
				E1C3C09B264BB5C7000BA731 /* GBSecondaryTitleLabel.swift in Sources */,
				E1D50CBA2636CD1400E9F688 /* ProductRequestProduct.swift in Sources */,
				E1D50C852636CC4D00E9F688 /* Stubs.swift in Sources */,
				E1C3C0A3264BBA2D000BA731 /* GBAlertView.swift in Sources */,
				E1D50D832639AF5B00E9F688 /* AddToBasketResponse.swift in Sources */,
				E1D50D6D2639AA9900E9F688 /* BasketRequestFactory.swift in Sources */,
				E1D50D2F2636EFE800E9F688 /* DeleteFeedbackResponse.swift in Sources */,
				E1D50D882639CB8300E9F688 /* BasketRequest.swift in Sources */,
				E1C3C0582643BFBC000BA731 /* LoginView.swift in Sources */,
				E1D50D222636DFC400E9F688 /* FeedbackRequest.swift in Sources */,
				E1D50CDB2636CDD300E9F688 /* User.swift in Sources */,
				E1D50CBB2636CD1400E9F688 /* AccountRequestModels.swift in Sources */,
				E1D50D182636DDCF00E9F688 /* FeedbackRequestFactory.swift in Sources */,
				E1C3C0A9264BC666000BA731 /* UIViewController+Ext.swift in Sources */,
				E1D50D8D2639CC6400E9F688 /* BasketRequestModels.swift in Sources */,
				E1C3C093264BB540000BA731 /* GBBodyLabel.swift in Sources */,
			);
			runOnlyForDeploymentPostprocessing = 0;
		};
		E1D50C552636C92500E9F688 /* Sources */ = {
			isa = PBXSourcesBuildPhase;
			buildActionMask = 2147483647;
			files = (
				E1D50C5E2636C92500E9F688 /* GBShop2Tests.swift in Sources */,
			);
			runOnlyForDeploymentPostprocessing = 0;
		};
		E1D50C602636C92500E9F688 /* Sources */ = {
			isa = PBXSourcesBuildPhase;
			buildActionMask = 2147483647;
			files = (
				E1D50C692636C92500E9F688 /* GBShop2UITests.swift in Sources */,
			);
			runOnlyForDeploymentPostprocessing = 0;
		};
/* End PBXSourcesBuildPhase section */

/* Begin PBXTargetDependency section */
		E1D50C5B2636C92500E9F688 /* PBXTargetDependency */ = {
			isa = PBXTargetDependency;
			target = E1D50C422636C92400E9F688 /* GBShop2 */;
			targetProxy = E1D50C5A2636C92500E9F688 /* PBXContainerItemProxy */;
		};
		E1D50C662636C92500E9F688 /* PBXTargetDependency */ = {
			isa = PBXTargetDependency;
			target = E1D50C422636C92400E9F688 /* GBShop2 */;
			targetProxy = E1D50C652636C92500E9F688 /* PBXContainerItemProxy */;
		};
/* End PBXTargetDependency section */

/* Begin PBXVariantGroup section */
		E1D50C512636C92500E9F688 /* LaunchScreen.storyboard */ = {
			isa = PBXVariantGroup;
			children = (
				E1D50C522636C92500E9F688 /* Base */,
			);
			name = LaunchScreen.storyboard;
			sourceTree = "<group>";
		};
/* End PBXVariantGroup section */

/* Begin XCBuildConfiguration section */
		E1D50C6B2636C92500E9F688 /* Debug */ = {
			isa = XCBuildConfiguration;
			buildSettings = {
				ALWAYS_SEARCH_USER_PATHS = NO;
				CLANG_ANALYZER_NONNULL = YES;
				CLANG_ANALYZER_NUMBER_OBJECT_CONVERSION = YES_AGGRESSIVE;
				CLANG_CXX_LANGUAGE_STANDARD = "gnu++14";
				CLANG_CXX_LIBRARY = "libc++";
				CLANG_ENABLE_MODULES = YES;
				CLANG_ENABLE_OBJC_ARC = YES;
				CLANG_ENABLE_OBJC_WEAK = YES;
				CLANG_WARN_BLOCK_CAPTURE_AUTORELEASING = YES;
				CLANG_WARN_BOOL_CONVERSION = YES;
				CLANG_WARN_COMMA = YES;
				CLANG_WARN_CONSTANT_CONVERSION = YES;
				CLANG_WARN_DEPRECATED_OBJC_IMPLEMENTATIONS = YES;
				CLANG_WARN_DIRECT_OBJC_ISA_USAGE = YES_ERROR;
				CLANG_WARN_DOCUMENTATION_COMMENTS = YES;
				CLANG_WARN_EMPTY_BODY = YES;
				CLANG_WARN_ENUM_CONVERSION = YES;
				CLANG_WARN_INFINITE_RECURSION = YES;
				CLANG_WARN_INT_CONVERSION = YES;
				CLANG_WARN_NON_LITERAL_NULL_CONVERSION = YES;
				CLANG_WARN_OBJC_IMPLICIT_RETAIN_SELF = YES;
				CLANG_WARN_OBJC_LITERAL_CONVERSION = YES;
				CLANG_WARN_OBJC_ROOT_CLASS = YES_ERROR;
				CLANG_WARN_QUOTED_INCLUDE_IN_FRAMEWORK_HEADER = YES;
				CLANG_WARN_RANGE_LOOP_ANALYSIS = YES;
				CLANG_WARN_STRICT_PROTOTYPES = YES;
				CLANG_WARN_SUSPICIOUS_MOVE = YES;
				CLANG_WARN_UNGUARDED_AVAILABILITY = YES_AGGRESSIVE;
				CLANG_WARN_UNREACHABLE_CODE = YES;
				CLANG_WARN__DUPLICATE_METHOD_MATCH = YES;
				COPY_PHASE_STRIP = NO;
				DEBUG_INFORMATION_FORMAT = dwarf;
				ENABLE_STRICT_OBJC_MSGSEND = YES;
				ENABLE_TESTABILITY = YES;
				GCC_C_LANGUAGE_STANDARD = gnu11;
				GCC_DYNAMIC_NO_PIC = NO;
				GCC_NO_COMMON_BLOCKS = YES;
				GCC_OPTIMIZATION_LEVEL = 0;
				GCC_PREPROCESSOR_DEFINITIONS = (
					"DEBUG=1",
					"$(inherited)",
				);
				GCC_WARN_64_TO_32_BIT_CONVERSION = YES;
				GCC_WARN_ABOUT_RETURN_TYPE = YES_ERROR;
				GCC_WARN_UNDECLARED_SELECTOR = YES;
				GCC_WARN_UNINITIALIZED_AUTOS = YES_AGGRESSIVE;
				GCC_WARN_UNUSED_FUNCTION = YES;
				GCC_WARN_UNUSED_VARIABLE = YES;
				IPHONEOS_DEPLOYMENT_TARGET = 14.4;
				MTL_ENABLE_DEBUG_INFO = INCLUDE_SOURCE;
				MTL_FAST_MATH = YES;
				ONLY_ACTIVE_ARCH = YES;
				SDKROOT = iphoneos;
				SWIFT_ACTIVE_COMPILATION_CONDITIONS = DEBUG;
				SWIFT_OPTIMIZATION_LEVEL = "-Onone";
			};
			name = Debug;
		};
		E1D50C6C2636C92500E9F688 /* Release */ = {
			isa = XCBuildConfiguration;
			buildSettings = {
				ALWAYS_SEARCH_USER_PATHS = NO;
				CLANG_ANALYZER_NONNULL = YES;
				CLANG_ANALYZER_NUMBER_OBJECT_CONVERSION = YES_AGGRESSIVE;
				CLANG_CXX_LANGUAGE_STANDARD = "gnu++14";
				CLANG_CXX_LIBRARY = "libc++";
				CLANG_ENABLE_MODULES = YES;
				CLANG_ENABLE_OBJC_ARC = YES;
				CLANG_ENABLE_OBJC_WEAK = YES;
				CLANG_WARN_BLOCK_CAPTURE_AUTORELEASING = YES;
				CLANG_WARN_BOOL_CONVERSION = YES;
				CLANG_WARN_COMMA = YES;
				CLANG_WARN_CONSTANT_CONVERSION = YES;
				CLANG_WARN_DEPRECATED_OBJC_IMPLEMENTATIONS = YES;
				CLANG_WARN_DIRECT_OBJC_ISA_USAGE = YES_ERROR;
				CLANG_WARN_DOCUMENTATION_COMMENTS = YES;
				CLANG_WARN_EMPTY_BODY = YES;
				CLANG_WARN_ENUM_CONVERSION = YES;
				CLANG_WARN_INFINITE_RECURSION = YES;
				CLANG_WARN_INT_CONVERSION = YES;
				CLANG_WARN_NON_LITERAL_NULL_CONVERSION = YES;
				CLANG_WARN_OBJC_IMPLICIT_RETAIN_SELF = YES;
				CLANG_WARN_OBJC_LITERAL_CONVERSION = YES;
				CLANG_WARN_OBJC_ROOT_CLASS = YES_ERROR;
				CLANG_WARN_QUOTED_INCLUDE_IN_FRAMEWORK_HEADER = YES;
				CLANG_WARN_RANGE_LOOP_ANALYSIS = YES;
				CLANG_WARN_STRICT_PROTOTYPES = YES;
				CLANG_WARN_SUSPICIOUS_MOVE = YES;
				CLANG_WARN_UNGUARDED_AVAILABILITY = YES_AGGRESSIVE;
				CLANG_WARN_UNREACHABLE_CODE = YES;
				CLANG_WARN__DUPLICATE_METHOD_MATCH = YES;
				COPY_PHASE_STRIP = NO;
				DEBUG_INFORMATION_FORMAT = "dwarf-with-dsym";
				ENABLE_NS_ASSERTIONS = NO;
				ENABLE_STRICT_OBJC_MSGSEND = YES;
				GCC_C_LANGUAGE_STANDARD = gnu11;
				GCC_NO_COMMON_BLOCKS = YES;
				GCC_WARN_64_TO_32_BIT_CONVERSION = YES;
				GCC_WARN_ABOUT_RETURN_TYPE = YES_ERROR;
				GCC_WARN_UNDECLARED_SELECTOR = YES;
				GCC_WARN_UNINITIALIZED_AUTOS = YES_AGGRESSIVE;
				GCC_WARN_UNUSED_FUNCTION = YES;
				GCC_WARN_UNUSED_VARIABLE = YES;
				IPHONEOS_DEPLOYMENT_TARGET = 14.4;
				MTL_ENABLE_DEBUG_INFO = NO;
				MTL_FAST_MATH = YES;
				SDKROOT = iphoneos;
				SWIFT_COMPILATION_MODE = wholemodule;
				SWIFT_OPTIMIZATION_LEVEL = "-O";
				VALIDATE_PRODUCT = YES;
			};
			name = Release;
		};
		E1D50C6E2636C92500E9F688 /* Debug */ = {
			isa = XCBuildConfiguration;
			baseConfigurationReference = 734989E77FE7EF2544674774 /* Pods-GBShop2.debug.xcconfig */;
			buildSettings = {
				ASSETCATALOG_COMPILER_APPICON_NAME = AppIcon;
				ASSETCATALOG_COMPILER_GLOBAL_ACCENT_COLOR_NAME = AccentColor;
				CODE_SIGN_STYLE = Automatic;
				DEVELOPMENT_TEAM = 7U5XZ95AHH;
				INFOPLIST_FILE = GBShop2/Environments/Info.plist;
				LD_RUNPATH_SEARCH_PATHS = (
					"$(inherited)",
					"@executable_path/Frameworks",
				);
				PRODUCT_BUNDLE_IDENTIFIER = com.vitalyprosvetov.GBShop2;
				PRODUCT_NAME = "$(TARGET_NAME)";
				SWIFT_VERSION = 5.0;
				TARGETED_DEVICE_FAMILY = "1,2";
			};
			name = Debug;
		};
		E1D50C6F2636C92500E9F688 /* Release */ = {
			isa = XCBuildConfiguration;
			baseConfigurationReference = C60349943C946746A0C317DA /* Pods-GBShop2.release.xcconfig */;
			buildSettings = {
				ASSETCATALOG_COMPILER_APPICON_NAME = AppIcon;
				ASSETCATALOG_COMPILER_GLOBAL_ACCENT_COLOR_NAME = AccentColor;
				CODE_SIGN_STYLE = Automatic;
				DEVELOPMENT_TEAM = 7U5XZ95AHH;
				INFOPLIST_FILE = GBShop2/Environments/Info.plist;
				LD_RUNPATH_SEARCH_PATHS = (
					"$(inherited)",
					"@executable_path/Frameworks",
				);
				PRODUCT_BUNDLE_IDENTIFIER = com.vitalyprosvetov.GBShop2;
				PRODUCT_NAME = "$(TARGET_NAME)";
				SWIFT_VERSION = 5.0;
				TARGETED_DEVICE_FAMILY = "1,2";
			};
			name = Release;
		};
		E1D50C712636C92500E9F688 /* Debug */ = {
			isa = XCBuildConfiguration;
			baseConfigurationReference = 949526AD0E8AAE3654C67E4A /* Pods-GBShop2Tests.debug.xcconfig */;
			buildSettings = {
				ALWAYS_EMBED_SWIFT_STANDARD_LIBRARIES = YES;
				BUNDLE_LOADER = "$(TEST_HOST)";
				CODE_SIGN_STYLE = Automatic;
				DEVELOPMENT_TEAM = 7U5XZ95AHH;
				INFOPLIST_FILE = GBShop2Tests/Info.plist;
				IPHONEOS_DEPLOYMENT_TARGET = 14.4;
				LD_RUNPATH_SEARCH_PATHS = (
					"$(inherited)",
					"@executable_path/Frameworks",
					"@loader_path/Frameworks",
				);
				PRODUCT_BUNDLE_IDENTIFIER = com.vitalyprosvetov.GBShop2Tests;
				PRODUCT_NAME = "$(TARGET_NAME)";
				SWIFT_VERSION = 5.0;
				TARGETED_DEVICE_FAMILY = "1,2";
				TEST_HOST = "$(BUILT_PRODUCTS_DIR)/GBShop2.app/GBShop2";
			};
			name = Debug;
		};
		E1D50C722636C92500E9F688 /* Release */ = {
			isa = XCBuildConfiguration;
			baseConfigurationReference = 1786FCB435135A0986920F83 /* Pods-GBShop2Tests.release.xcconfig */;
			buildSettings = {
				ALWAYS_EMBED_SWIFT_STANDARD_LIBRARIES = YES;
				BUNDLE_LOADER = "$(TEST_HOST)";
				CODE_SIGN_STYLE = Automatic;
				DEVELOPMENT_TEAM = 7U5XZ95AHH;
				INFOPLIST_FILE = GBShop2Tests/Info.plist;
				IPHONEOS_DEPLOYMENT_TARGET = 14.4;
				LD_RUNPATH_SEARCH_PATHS = (
					"$(inherited)",
					"@executable_path/Frameworks",
					"@loader_path/Frameworks",
				);
				PRODUCT_BUNDLE_IDENTIFIER = com.vitalyprosvetov.GBShop2Tests;
				PRODUCT_NAME = "$(TARGET_NAME)";
				SWIFT_VERSION = 5.0;
				TARGETED_DEVICE_FAMILY = "1,2";
				TEST_HOST = "$(BUILT_PRODUCTS_DIR)/GBShop2.app/GBShop2";
			};
			name = Release;
		};
		E1D50C742636C92500E9F688 /* Debug */ = {
			isa = XCBuildConfiguration;
			baseConfigurationReference = 54687A24CAFC41CCEF02365C /* Pods-GBShop2-GBShop2UITests.debug.xcconfig */;
			buildSettings = {
				ALWAYS_EMBED_SWIFT_STANDARD_LIBRARIES = YES;
				CODE_SIGN_STYLE = Automatic;
				DEVELOPMENT_TEAM = 7U5XZ95AHH;
				INFOPLIST_FILE = GBShop2UITests/Info.plist;
				LD_RUNPATH_SEARCH_PATHS = (
					"$(inherited)",
					"@executable_path/Frameworks",
					"@loader_path/Frameworks",
				);
				PRODUCT_BUNDLE_IDENTIFIER = com.vitalyprosvetov.GBShop2UITests;
				PRODUCT_NAME = "$(TARGET_NAME)";
				SWIFT_VERSION = 5.0;
				TARGETED_DEVICE_FAMILY = "1,2";
				TEST_TARGET_NAME = GBShop2;
			};
			name = Debug;
		};
		E1D50C752636C92500E9F688 /* Release */ = {
			isa = XCBuildConfiguration;
			baseConfigurationReference = DE22DE60259D33ED5ED74F9E /* Pods-GBShop2-GBShop2UITests.release.xcconfig */;
			buildSettings = {
				ALWAYS_EMBED_SWIFT_STANDARD_LIBRARIES = YES;
				CODE_SIGN_STYLE = Automatic;
				DEVELOPMENT_TEAM = 7U5XZ95AHH;
				INFOPLIST_FILE = GBShop2UITests/Info.plist;
				LD_RUNPATH_SEARCH_PATHS = (
					"$(inherited)",
					"@executable_path/Frameworks",
					"@loader_path/Frameworks",
				);
				PRODUCT_BUNDLE_IDENTIFIER = com.vitalyprosvetov.GBShop2UITests;
				PRODUCT_NAME = "$(TARGET_NAME)";
				SWIFT_VERSION = 5.0;
				TARGETED_DEVICE_FAMILY = "1,2";
				TEST_TARGET_NAME = GBShop2;
			};
			name = Release;
		};
/* End XCBuildConfiguration section */

/* Begin XCConfigurationList section */
		E1D50C3E2636C92400E9F688 /* Build configuration list for PBXProject "GBShop2" */ = {
			isa = XCConfigurationList;
			buildConfigurations = (
				E1D50C6B2636C92500E9F688 /* Debug */,
				E1D50C6C2636C92500E9F688 /* Release */,
			);
			defaultConfigurationIsVisible = 0;
			defaultConfigurationName = Release;
		};
		E1D50C6D2636C92500E9F688 /* Build configuration list for PBXNativeTarget "GBShop2" */ = {
			isa = XCConfigurationList;
			buildConfigurations = (
				E1D50C6E2636C92500E9F688 /* Debug */,
				E1D50C6F2636C92500E9F688 /* Release */,
			);
			defaultConfigurationIsVisible = 0;
			defaultConfigurationName = Release;
		};
		E1D50C702636C92500E9F688 /* Build configuration list for PBXNativeTarget "GBShop2Tests" */ = {
			isa = XCConfigurationList;
			buildConfigurations = (
				E1D50C712636C92500E9F688 /* Debug */,
				E1D50C722636C92500E9F688 /* Release */,
			);
			defaultConfigurationIsVisible = 0;
			defaultConfigurationName = Release;
		};
		E1D50C732636C92500E9F688 /* Build configuration list for PBXNativeTarget "GBShop2UITests" */ = {
			isa = XCConfigurationList;
			buildConfigurations = (
				E1D50C742636C92500E9F688 /* Debug */,
				E1D50C752636C92500E9F688 /* Release */,
			);
			defaultConfigurationIsVisible = 0;
			defaultConfigurationName = Release;
		};
/* End XCConfigurationList section */
	};
	rootObject = E1D50C3B2636C92400E9F688 /* Project object */;
}
